
Microsoft Visual Studio Solution File, Format Version 12.00
# Visual Studio Express 2013 for Windows Desktop
VisualStudioVersion = 12.0.21005.1
MinimumVisualStudioVersion = 10.0.40219.1
Project("{8BC9CEB8-8B4A-11D0-8D11-00A0C91BC942}") = "00 DXUT", "DXUT\Core\DXUT_2012.vcxproj", "{85344B7F-5AA0-4E12-A065-D1333D11F6CA}"
EndProject
Project("{8BC9CEB8-8B4A-11D0-8D11-00A0C91BC942}") = "00 DXUTOpt", "DXUT\Optional\DXUTOpt_2012.vcxproj", "{61B333C2-C4F7-4CC1-A9BF-83F6D95588EB}"
EndProject
Project("{8BC9CEB8-8B4A-11D0-8D11-00A0C91BC942}") = "001 using dxut", "001 using dxut\001 basic.vcxproj", "{D3D10008-96D0-4629-88B8-122C0256058C}"
EndProject
Project("{8BC9CEB8-8B4A-11D0-8D11-00A0C91BC942}") = "002 GUI", "002 GUI\002 GUI.vcxproj", "{AEB0D128-6F3B-4DBB-AF75-68F2EA24C403}"
EndProject
Project("{8BC9CEB8-8B4A-11D0-8D11-00A0C91BC942}") = "003 migration to dxut", "003 migration to dxut\003 migration to dxut.vcxproj", "{20EECB0D-9974-4AD4-B951-A4F524244B34}"
EndProject
Project("{8BC9CEB8-8B4A-11D0-8D11-00A0C91BC942}") = "004 ObjLoader", "004 ObjLoader\004 ObjLoader.vcxproj", "{753EDC30-7CF1-4BC1-9251-B63D8E09F4F7}"
EndProject
Project("{8BC9CEB8-8B4A-11D0-8D11-00A0C91BC942}") = "005 ResourceManager", "005 ResourceManager\005 ResourceManager.vcxproj", "{F1B32063-03B8-4796-A0E5-135D0871F204}"
EndProject
Project("{8BC9CEB8-8B4A-11D0-8D11-00A0C91BC942}") = "006 Md5Loader", "006 md5Loader\006 md5Loader.vcxproj", "{24970677-D824-461C-BFD8-559C715E3FC6}"
EndProject
Project("{8BC9CEB8-8B4A-11D0-8D11-00A0C91BC942}") = "007 TransformCtrl", "007 TransformCtrl\007 TransformCtrl.vcxproj", "{BF07D38D-1A4D-4ADB-B231-32087235A652}"
EndProject
Project("{8BC9CEB8-8B4A-11D0-8D11-00A0C91BC942}") = "008 Md5Animation", "008 md5Animation\008 md5Animation.vcxproj", "{6B81C9E0-E272-4D1B-9953-68BE78E457DD}"
EndProject
Project("{8BC9CEB8-8B4A-11D0-8D11-00A0C91BC942}") = "00 FW1FontWrapper", "LibFont\FW1FontWrapper\FW1FontWrapper.vcxproj", "{9F62DB07-EA42-4388-82AB-E6FAA371F353}"
EndProject
Project("{8BC9CEB8-8B4A-11D0-8D11-00A0C91BC942}") = "009 DirectWrite", "009 DirectWrite\009 DirectWrite.vcxproj", "{1C51786B-52B4-449B-954A-4A4E2E2C754C}"
EndProject
Project("{8BC9CEB8-8B4A-11D0-8D11-00A0C91BC942}") = "010 Camera", "010 Camera\010 Camera.vcxproj", "{ABB3BBD0-0159-4E32-8371-6535DE46660D}"
EndProject
Global
	GlobalSection(SolutionConfigurationPlatforms) = preSolution
		Debug|Win32 = Debug|Win32
		Debug|x64 = Debug|x64
		Profile|Win32 = Profile|Win32
		Profile|x64 = Profile|x64
		Release|Win32 = Release|Win32
		Release|x64 = Release|x64
	EndGlobalSection
	GlobalSection(ProjectConfigurationPlatforms) = postSolution
		{85344B7F-5AA0-4E12-A065-D1333D11F6CA}.Debug|Win32.ActiveCfg = Debug|Win32
		{85344B7F-5AA0-4E12-A065-D1333D11F6CA}.Debug|Win32.Build.0 = Debug|Win32
		{85344B7F-5AA0-4E12-A065-D1333D11F6CA}.Debug|x64.ActiveCfg = Debug|x64
		{85344B7F-5AA0-4E12-A065-D1333D11F6CA}.Debug|x64.Build.0 = Debug|x64
		{85344B7F-5AA0-4E12-A065-D1333D11F6CA}.Profile|Win32.ActiveCfg = Profile|Win32
		{85344B7F-5AA0-4E12-A065-D1333D11F6CA}.Profile|Win32.Build.0 = Profile|Win32
		{85344B7F-5AA0-4E12-A065-D1333D11F6CA}.Profile|x64.ActiveCfg = Profile|x64
		{85344B7F-5AA0-4E12-A065-D1333D11F6CA}.Profile|x64.Build.0 = Profile|x64
		{85344B7F-5AA0-4E12-A065-D1333D11F6CA}.Release|Win32.ActiveCfg = Release|Win32
		{85344B7F-5AA0-4E12-A065-D1333D11F6CA}.Release|Win32.Build.0 = Release|Win32
		{85344B7F-5AA0-4E12-A065-D1333D11F6CA}.Release|x64.ActiveCfg = Release|x64
		{85344B7F-5AA0-4E12-A065-D1333D11F6CA}.Release|x64.Build.0 = Release|x64
		{61B333C2-C4F7-4CC1-A9BF-83F6D95588EB}.Debug|Win32.ActiveCfg = Debug|Win32
		{61B333C2-C4F7-4CC1-A9BF-83F6D95588EB}.Debug|Win32.Build.0 = Debug|Win32
		{61B333C2-C4F7-4CC1-A9BF-83F6D95588EB}.Debug|x64.ActiveCfg = Debug|x64
		{61B333C2-C4F7-4CC1-A9BF-83F6D95588EB}.Debug|x64.Build.0 = Debug|x64
		{61B333C2-C4F7-4CC1-A9BF-83F6D95588EB}.Profile|Win32.ActiveCfg = Profile|Win32
		{61B333C2-C4F7-4CC1-A9BF-83F6D95588EB}.Profile|Win32.Build.0 = Profile|Win32
		{61B333C2-C4F7-4CC1-A9BF-83F6D95588EB}.Profile|x64.ActiveCfg = Profile|x64
		{61B333C2-C4F7-4CC1-A9BF-83F6D95588EB}.Profile|x64.Build.0 = Profile|x64
		{61B333C2-C4F7-4CC1-A9BF-83F6D95588EB}.Release|Win32.ActiveCfg = Release|Win32
		{61B333C2-C4F7-4CC1-A9BF-83F6D95588EB}.Release|Win32.Build.0 = Release|Win32
		{61B333C2-C4F7-4CC1-A9BF-83F6D95588EB}.Release|x64.ActiveCfg = Release|x64
		{61B333C2-C4F7-4CC1-A9BF-83F6D95588EB}.Release|x64.Build.0 = Release|x64
		{D3D10008-96D0-4629-88B8-122C0256058C}.Debug|Win32.ActiveCfg = Debug|Win32
		{D3D10008-96D0-4629-88B8-122C0256058C}.Debug|Win32.Build.0 = Debug|Win32
		{D3D10008-96D0-4629-88B8-122C0256058C}.Debug|x64.ActiveCfg = Debug|x64
		{D3D10008-96D0-4629-88B8-122C0256058C}.Debug|x64.Build.0 = Debug|x64
		{D3D10008-96D0-4629-88B8-122C0256058C}.Profile|Win32.ActiveCfg = Profile|Win32
		{D3D10008-96D0-4629-88B8-122C0256058C}.Profile|Win32.Build.0 = Profile|Win32
		{D3D10008-96D0-4629-88B8-122C0256058C}.Profile|x64.ActiveCfg = Profile|x64
		{D3D10008-96D0-4629-88B8-122C0256058C}.Profile|x64.Build.0 = Profile|x64
		{D3D10008-96D0-4629-88B8-122C0256058C}.Release|Win32.ActiveCfg = Release|Win32
		{D3D10008-96D0-4629-88B8-122C0256058C}.Release|Win32.Build.0 = Release|Win32
		{D3D10008-96D0-4629-88B8-122C0256058C}.Release|x64.ActiveCfg = Release|x64
		{D3D10008-96D0-4629-88B8-122C0256058C}.Release|x64.Build.0 = Release|x64
		{AEB0D128-6F3B-4DBB-AF75-68F2EA24C403}.Debug|Win32.ActiveCfg = Debug|Win32
		{AEB0D128-6F3B-4DBB-AF75-68F2EA24C403}.Debug|Win32.Build.0 = Debug|Win32
		{AEB0D128-6F3B-4DBB-AF75-68F2EA24C403}.Debug|x64.ActiveCfg = Debug|x64
		{AEB0D128-6F3B-4DBB-AF75-68F2EA24C403}.Debug|x64.Build.0 = Debug|x64
		{AEB0D128-6F3B-4DBB-AF75-68F2EA24C403}.Profile|Win32.ActiveCfg = Profile|Win32
		{AEB0D128-6F3B-4DBB-AF75-68F2EA24C403}.Profile|Win32.Build.0 = Profile|Win32
		{AEB0D128-6F3B-4DBB-AF75-68F2EA24C403}.Profile|x64.ActiveCfg = Profile|x64
		{AEB0D128-6F3B-4DBB-AF75-68F2EA24C403}.Profile|x64.Build.0 = Profile|x64
		{AEB0D128-6F3B-4DBB-AF75-68F2EA24C403}.Release|Win32.ActiveCfg = Release|Win32
		{AEB0D128-6F3B-4DBB-AF75-68F2EA24C403}.Release|Win32.Build.0 = Release|Win32
		{AEB0D128-6F3B-4DBB-AF75-68F2EA24C403}.Release|x64.ActiveCfg = Release|x64
		{AEB0D128-6F3B-4DBB-AF75-68F2EA24C403}.Release|x64.Build.0 = Release|x64
		{20EECB0D-9974-4AD4-B951-A4F524244B34}.Debug|Win32.ActiveCfg = Debug|Win32
		{20EECB0D-9974-4AD4-B951-A4F524244B34}.Debug|Win32.Build.0 = Debug|Win32
		{20EECB0D-9974-4AD4-B951-A4F524244B34}.Debug|x64.ActiveCfg = Debug|x64
		{20EECB0D-9974-4AD4-B951-A4F524244B34}.Debug|x64.Build.0 = Debug|x64
		{20EECB0D-9974-4AD4-B951-A4F524244B34}.Profile|Win32.ActiveCfg = Profile|Win32
		{20EECB0D-9974-4AD4-B951-A4F524244B34}.Profile|Win32.Build.0 = Profile|Win32
		{20EECB0D-9974-4AD4-B951-A4F524244B34}.Profile|x64.ActiveCfg = Profile|x64
		{20EECB0D-9974-4AD4-B951-A4F524244B34}.Profile|x64.Build.0 = Profile|x64
		{20EECB0D-9974-4AD4-B951-A4F524244B34}.Release|Win32.ActiveCfg = Release|Win32
		{20EECB0D-9974-4AD4-B951-A4F524244B34}.Release|Win32.Build.0 = Release|Win32
		{20EECB0D-9974-4AD4-B951-A4F524244B34}.Release|x64.ActiveCfg = Release|x64
		{20EECB0D-9974-4AD4-B951-A4F524244B34}.Release|x64.Build.0 = Release|x64
		{753EDC30-7CF1-4BC1-9251-B63D8E09F4F7}.Debug|Win32.ActiveCfg = Debug|Win32
		{753EDC30-7CF1-4BC1-9251-B63D8E09F4F7}.Debug|Win32.Build.0 = Debug|Win32
		{753EDC30-7CF1-4BC1-9251-B63D8E09F4F7}.Debug|x64.ActiveCfg = Debug|x64
		{753EDC30-7CF1-4BC1-9251-B63D8E09F4F7}.Debug|x64.Build.0 = Debug|x64
		{753EDC30-7CF1-4BC1-9251-B63D8E09F4F7}.Profile|Win32.ActiveCfg = Profile|Win32
		{753EDC30-7CF1-4BC1-9251-B63D8E09F4F7}.Profile|Win32.Build.0 = Profile|Win32
		{753EDC30-7CF1-4BC1-9251-B63D8E09F4F7}.Profile|x64.ActiveCfg = Profile|x64
		{753EDC30-7CF1-4BC1-9251-B63D8E09F4F7}.Profile|x64.Build.0 = Profile|x64
		{753EDC30-7CF1-4BC1-9251-B63D8E09F4F7}.Release|Win32.ActiveCfg = Release|Win32
		{753EDC30-7CF1-4BC1-9251-B63D8E09F4F7}.Release|Win32.Build.0 = Release|Win32
		{753EDC30-7CF1-4BC1-9251-B63D8E09F4F7}.Release|x64.ActiveCfg = Release|x64
		{753EDC30-7CF1-4BC1-9251-B63D8E09F4F7}.Release|x64.Build.0 = Release|x64
		{F1B32063-03B8-4796-A0E5-135D0871F204}.Debug|Win32.ActiveCfg = Debug|Win32
		{F1B32063-03B8-4796-A0E5-135D0871F204}.Debug|Win32.Build.0 = Debug|Win32
		{F1B32063-03B8-4796-A0E5-135D0871F204}.Debug|x64.ActiveCfg = Debug|x64
		{F1B32063-03B8-4796-A0E5-135D0871F204}.Debug|x64.Build.0 = Debug|x64
		{F1B32063-03B8-4796-A0E5-135D0871F204}.Profile|Win32.ActiveCfg = Profile|Win32
		{F1B32063-03B8-4796-A0E5-135D0871F204}.Profile|Win32.Build.0 = Profile|Win32
		{F1B32063-03B8-4796-A0E5-135D0871F204}.Profile|x64.ActiveCfg = Profile|x64
		{F1B32063-03B8-4796-A0E5-135D0871F204}.Profile|x64.Build.0 = Profile|x64
		{F1B32063-03B8-4796-A0E5-135D0871F204}.Release|Win32.ActiveCfg = Release|Win32
		{F1B32063-03B8-4796-A0E5-135D0871F204}.Release|Win32.Build.0 = Release|Win32
		{F1B32063-03B8-4796-A0E5-135D0871F204}.Release|x64.ActiveCfg = Release|x64
		{F1B32063-03B8-4796-A0E5-135D0871F204}.Release|x64.Build.0 = Release|x64
		{24970677-D824-461C-BFD8-559C715E3FC6}.Debug|Win32.ActiveCfg = Debug|Win32
		{24970677-D824-461C-BFD8-559C715E3FC6}.Debug|Win32.Build.0 = Debug|Win32
		{24970677-D824-461C-BFD8-559C715E3FC6}.Debug|x64.ActiveCfg = Debug|x64
		{24970677-D824-461C-BFD8-559C715E3FC6}.Debug|x64.Build.0 = Debug|x64
		{24970677-D824-461C-BFD8-559C715E3FC6}.Profile|Win32.ActiveCfg = Profile|Win32
		{24970677-D824-461C-BFD8-559C715E3FC6}.Profile|Win32.Build.0 = Profile|Win32
		{24970677-D824-461C-BFD8-559C715E3FC6}.Profile|x64.ActiveCfg = Profile|x64
		{24970677-D824-461C-BFD8-559C715E3FC6}.Profile|x64.Build.0 = Profile|x64
		{24970677-D824-461C-BFD8-559C715E3FC6}.Release|Win32.ActiveCfg = Release|Win32
		{24970677-D824-461C-BFD8-559C715E3FC6}.Release|Win32.Build.0 = Release|Win32
		{24970677-D824-461C-BFD8-559C715E3FC6}.Release|x64.ActiveCfg = Release|x64
		{24970677-D824-461C-BFD8-559C715E3FC6}.Release|x64.Build.0 = Release|x64
		{BF07D38D-1A4D-4ADB-B231-32087235A652}.Debug|Win32.ActiveCfg = Debug|Win32
		{BF07D38D-1A4D-4ADB-B231-32087235A652}.Debug|Win32.Build.0 = Debug|Win32
		{BF07D38D-1A4D-4ADB-B231-32087235A652}.Debug|x64.ActiveCfg = Debug|x64
		{BF07D38D-1A4D-4ADB-B231-32087235A652}.Debug|x64.Build.0 = Debug|x64
		{BF07D38D-1A4D-4ADB-B231-32087235A652}.Profile|Win32.ActiveCfg = Profile|Win32
		{BF07D38D-1A4D-4ADB-B231-32087235A652}.Profile|Win32.Build.0 = Profile|Win32
		{BF07D38D-1A4D-4ADB-B231-32087235A652}.Profile|x64.ActiveCfg = Profile|x64
		{BF07D38D-1A4D-4ADB-B231-32087235A652}.Profile|x64.Build.0 = Profile|x64
		{BF07D38D-1A4D-4ADB-B231-32087235A652}.Release|Win32.ActiveCfg = Release|Win32
		{BF07D38D-1A4D-4ADB-B231-32087235A652}.Release|Win32.Build.0 = Release|Win32
		{BF07D38D-1A4D-4ADB-B231-32087235A652}.Release|x64.ActiveCfg = Release|x64
		{BF07D38D-1A4D-4ADB-B231-32087235A652}.Release|x64.Build.0 = Release|x64
		{6B81C9E0-E272-4D1B-9953-68BE78E457DD}.Debug|Win32.ActiveCfg = Debug|Win32
		{6B81C9E0-E272-4D1B-9953-68BE78E457DD}.Debug|Win32.Build.0 = Debug|Win32
		{6B81C9E0-E272-4D1B-9953-68BE78E457DD}.Debug|x64.ActiveCfg = Debug|x64
		{6B81C9E0-E272-4D1B-9953-68BE78E457DD}.Debug|x64.Build.0 = Debug|x64
		{6B81C9E0-E272-4D1B-9953-68BE78E457DD}.Profile|Win32.ActiveCfg = Profile|Win32
		{6B81C9E0-E272-4D1B-9953-68BE78E457DD}.Profile|Win32.Build.0 = Profile|Win32
		{6B81C9E0-E272-4D1B-9953-68BE78E457DD}.Profile|x64.ActiveCfg = Profile|x64
		{6B81C9E0-E272-4D1B-9953-68BE78E457DD}.Profile|x64.Build.0 = Profile|x64
		{6B81C9E0-E272-4D1B-9953-68BE78E457DD}.Release|Win32.ActiveCfg = Release|Win32
		{6B81C9E0-E272-4D1B-9953-68BE78E457DD}.Release|Win32.Build.0 = Release|Win32
		{6B81C9E0-E272-4D1B-9953-68BE78E457DD}.Release|x64.ActiveCfg = Release|x64
		{6B81C9E0-E272-4D1B-9953-68BE78E457DD}.Release|x64.Build.0 = Release|x64
		{9F62DB07-EA42-4388-82AB-E6FAA371F353}.Debug|Win32.ActiveCfg = Debug|Win32
		{9F62DB07-EA42-4388-82AB-E6FAA371F353}.Debug|Win32.Build.0 = Debug|Win32
		{9F62DB07-EA42-4388-82AB-E6FAA371F353}.Debug|x64.ActiveCfg = Debug|x64
		{9F62DB07-EA42-4388-82AB-E6FAA371F353}.Debug|x64.Build.0 = Debug|x64
		{9F62DB07-EA42-4388-82AB-E6FAA371F353}.Profile|Win32.ActiveCfg = Release|Win32
		{9F62DB07-EA42-4388-82AB-E6FAA371F353}.Profile|Win32.Build.0 = Release|Win32
		{9F62DB07-EA42-4388-82AB-E6FAA371F353}.Profile|x64.ActiveCfg = Release|x64
		{9F62DB07-EA42-4388-82AB-E6FAA371F353}.Profile|x64.Build.0 = Release|x64
		{9F62DB07-EA42-4388-82AB-E6FAA371F353}.Release|Win32.ActiveCfg = Release|Win32
		{9F62DB07-EA42-4388-82AB-E6FAA371F353}.Release|Win32.Build.0 = Release|Win32
		{9F62DB07-EA42-4388-82AB-E6FAA371F353}.Release|x64.ActiveCfg = Release|x64
		{9F62DB07-EA42-4388-82AB-E6FAA371F353}.Release|x64.Build.0 = Release|x64
		{1C51786B-52B4-449B-954A-4A4E2E2C754C}.Debug|Win32.ActiveCfg = Debug|Win32
		{1C51786B-52B4-449B-954A-4A4E2E2C754C}.Debug|Win32.Build.0 = Debug|Win32
		{1C51786B-52B4-449B-954A-4A4E2E2C754C}.Debug|x64.ActiveCfg = Debug|x64
		{1C51786B-52B4-449B-954A-4A4E2E2C754C}.Debug|x64.Build.0 = Debug|x64
		{1C51786B-52B4-449B-954A-4A4E2E2C754C}.Profile|Win32.ActiveCfg = Profile|Win32
		{1C51786B-52B4-449B-954A-4A4E2E2C754C}.Profile|Win32.Build.0 = Profile|Win32
		{1C51786B-52B4-449B-954A-4A4E2E2C754C}.Profile|x64.ActiveCfg = Profile|x64
		{1C51786B-52B4-449B-954A-4A4E2E2C754C}.Profile|x64.Build.0 = Profile|x64
		{1C51786B-52B4-449B-954A-4A4E2E2C754C}.Release|Win32.ActiveCfg = Release|Win32
		{1C51786B-52B4-449B-954A-4A4E2E2C754C}.Release|Win32.Build.0 = Release|Win32
		{1C51786B-52B4-449B-954A-4A4E2E2C754C}.Release|x64.ActiveCfg = Release|x64
		{1C51786B-52B4-449B-954A-4A4E2E2C754C}.Release|x64.Build.0 = Release|x64
		{ABB3BBD0-0159-4E32-8371-6535DE46660D}.Debug|Win32.ActiveCfg = Debug|Win32
		{ABB3BBD0-0159-4E32-8371-6535DE46660D}.Debug|Win32.Build.0 = Debug|Win32
		{ABB3BBD0-0159-4E32-8371-6535DE46660D}.Debug|x64.ActiveCfg = Debug|x64
		{ABB3BBD0-0159-4E32-8371-6535DE46660D}.Debug|x64.Build.0 = Debug|x64
		{ABB3BBD0-0159-4E32-8371-6535DE46660D}.Profile|Win32.ActiveCfg = Profile|Win32
		{ABB3BBD0-0159-4E32-8371-6535DE46660D}.Profile|Win32.Build.0 = Profile|Win32
		{ABB3BBD0-0159-4E32-8371-6535DE46660D}.Profile|x64.ActiveCfg = Profile|x64
		{ABB3BBD0-0159-4E32-8371-6535DE46660D}.Profile|x64.Build.0 = Profile|x64
		{ABB3BBD0-0159-4E32-8371-6535DE46660D}.Release|Win32.ActiveCfg = Release|Win32
		{ABB3BBD0-0159-4E32-8371-6535DE46660D}.Release|Win32.Build.0 = Release|Win32
		{ABB3BBD0-0159-4E32-8371-6535DE46660D}.Release|x64.ActiveCfg = Release|x64
		{ABB3BBD0-0159-4E32-8371-6535DE46660D}.Release|x64.Build.0 = Release|x64
	EndGlobalSection
	GlobalSection(SolutionProperties) = preSolution
		HideSolutionNode = FALSE
	EndGlobalSection
EndGlobal
