
Microsoft Visual Studio Solution File, Format Version 12.00
# Visual Studio Express 2013 for Windows Desktop
VisualStudioVersion = 12.0.21005.1
MinimumVisualStudioVersion = 10.0.40219.1
Project("{8BC9CEB8-8B4A-11D0-8D11-00A0C91BC942}") = "001 dxut", "01 usingDXUT\01 dxut.vcxproj", "{63D3F852-8000-4B12-A6DE-ABD03E237A80}"
EndProject
Project("{8BC9CEB8-8B4A-11D0-8D11-00A0C91BC942}") = "002 GUI", "02 GUI\02 GUI.vcxproj", "{00107FDA-9AE2-4E11-829C-8E83B660148B}"
EndProject
Project("{8BC9CEB8-8B4A-11D0-8D11-00A0C91BC942}") = "003 Mesh", "03 Mesh\03 Mesh.vcxproj", "{A3204A77-8D45-4CF6-B553-E5AC075E0DCF}"
EndProject
Project("{8BC9CEB8-8B4A-11D0-8D11-00A0C91BC942}") = "004 ObjLoader", "04 ObjLoader\04 ObjLoader.vcxproj", "{1F625889-6C26-4F95-8096-A1CB55C86009}"
EndProject
Global
	GlobalSection(SolutionConfigurationPlatforms) = preSolution
		Debug|Win32 = Debug|Win32
		Debug|x64 = Debug|x64
		Profile|Win32 = Profile|Win32
		Profile|x64 = Profile|x64
		Release|Win32 = Release|Win32
		Release|x64 = Release|x64
	EndGlobalSection
	GlobalSection(ProjectConfigurationPlatforms) = postSolution
		{63D3F852-8000-4B12-A6DE-ABD03E237A80}.Debug|Win32.ActiveCfg = Debug|Win32
		{63D3F852-8000-4B12-A6DE-ABD03E237A80}.Debug|Win32.Build.0 = Debug|Win32
		{63D3F852-8000-4B12-A6DE-ABD03E237A80}.Debug|x64.ActiveCfg = Debug|x64
		{63D3F852-8000-4B12-A6DE-ABD03E237A80}.Debug|x64.Build.0 = Debug|x64
		{63D3F852-8000-4B12-A6DE-ABD03E237A80}.Profile|Win32.ActiveCfg = Profile|Win32
		{63D3F852-8000-4B12-A6DE-ABD03E237A80}.Profile|Win32.Build.0 = Profile|Win32
		{63D3F852-8000-4B12-A6DE-ABD03E237A80}.Profile|x64.ActiveCfg = Profile|x64
		{63D3F852-8000-4B12-A6DE-ABD03E237A80}.Profile|x64.Build.0 = Profile|x64
		{63D3F852-8000-4B12-A6DE-ABD03E237A80}.Release|Win32.ActiveCfg = Release|Win32
		{63D3F852-8000-4B12-A6DE-ABD03E237A80}.Release|Win32.Build.0 = Release|Win32
		{63D3F852-8000-4B12-A6DE-ABD03E237A80}.Release|x64.ActiveCfg = Release|x64
		{63D3F852-8000-4B12-A6DE-ABD03E237A80}.Release|x64.Build.0 = Release|x64
		{00107FDA-9AE2-4E11-829C-8E83B660148B}.Debug|Win32.ActiveCfg = Debug|Win32
		{00107FDA-9AE2-4E11-829C-8E83B660148B}.Debug|Win32.Build.0 = Debug|Win32
		{00107FDA-9AE2-4E11-829C-8E83B660148B}.Debug|x64.ActiveCfg = Debug|x64
		{00107FDA-9AE2-4E11-829C-8E83B660148B}.Debug|x64.Build.0 = Debug|x64
		{00107FDA-9AE2-4E11-829C-8E83B660148B}.Profile|Win32.ActiveCfg = Profile|Win32
		{00107FDA-9AE2-4E11-829C-8E83B660148B}.Profile|Win32.Build.0 = Profile|Win32
		{00107FDA-9AE2-4E11-829C-8E83B660148B}.Profile|x64.ActiveCfg = Profile|x64
		{00107FDA-9AE2-4E11-829C-8E83B660148B}.Profile|x64.Build.0 = Profile|x64
		{00107FDA-9AE2-4E11-829C-8E83B660148B}.Release|Win32.ActiveCfg = Release|Win32
		{00107FDA-9AE2-4E11-829C-8E83B660148B}.Release|Win32.Build.0 = Release|Win32
		{00107FDA-9AE2-4E11-829C-8E83B660148B}.Release|x64.ActiveCfg = Release|x64
		{00107FDA-9AE2-4E11-829C-8E83B660148B}.Release|x64.Build.0 = Release|x64
		{A3204A77-8D45-4CF6-B553-E5AC075E0DCF}.Debug|Win32.ActiveCfg = Debug|Win32
		{A3204A77-8D45-4CF6-B553-E5AC075E0DCF}.Debug|Win32.Build.0 = Debug|Win32
		{A3204A77-8D45-4CF6-B553-E5AC075E0DCF}.Debug|x64.ActiveCfg = Debug|x64
		{A3204A77-8D45-4CF6-B553-E5AC075E0DCF}.Debug|x64.Build.0 = Debug|x64
		{A3204A77-8D45-4CF6-B553-E5AC075E0DCF}.Profile|Win32.ActiveCfg = Profile|Win32
		{A3204A77-8D45-4CF6-B553-E5AC075E0DCF}.Profile|Win32.Build.0 = Profile|Win32
		{A3204A77-8D45-4CF6-B553-E5AC075E0DCF}.Profile|x64.ActiveCfg = Profile|x64
		{A3204A77-8D45-4CF6-B553-E5AC075E0DCF}.Profile|x64.Build.0 = Profile|x64
		{A3204A77-8D45-4CF6-B553-E5AC075E0DCF}.Release|Win32.ActiveCfg = Release|Win32
		{A3204A77-8D45-4CF6-B553-E5AC075E0DCF}.Release|Win32.Build.0 = Release|Win32
		{A3204A77-8D45-4CF6-B553-E5AC075E0DCF}.Release|x64.ActiveCfg = Release|x64
		{A3204A77-8D45-4CF6-B553-E5AC075E0DCF}.Release|x64.Build.0 = Release|x64
		{1F625889-6C26-4F95-8096-A1CB55C86009}.Debug|Win32.ActiveCfg = Debug|Win32
		{1F625889-6C26-4F95-8096-A1CB55C86009}.Debug|Win32.Build.0 = Debug|Win32
		{1F625889-6C26-4F95-8096-A1CB55C86009}.Debug|x64.ActiveCfg = Debug|x64
		{1F625889-6C26-4F95-8096-A1CB55C86009}.Debug|x64.Build.0 = Debug|x64
		{1F625889-6C26-4F95-8096-A1CB55C86009}.Profile|Win32.ActiveCfg = Profile|Win32
		{1F625889-6C26-4F95-8096-A1CB55C86009}.Profile|Win32.Build.0 = Profile|Win32
		{1F625889-6C26-4F95-8096-A1CB55C86009}.Profile|x64.ActiveCfg = Profile|x64
		{1F625889-6C26-4F95-8096-A1CB55C86009}.Profile|x64.Build.0 = Profile|x64
		{1F625889-6C26-4F95-8096-A1CB55C86009}.Release|Win32.ActiveCfg = Release|Win32
		{1F625889-6C26-4F95-8096-A1CB55C86009}.Release|Win32.Build.0 = Release|Win32
		{1F625889-6C26-4F95-8096-A1CB55C86009}.Release|x64.ActiveCfg = Release|x64
		{1F625889-6C26-4F95-8096-A1CB55C86009}.Release|x64.Build.0 = Release|x64
	EndGlobalSection
	GlobalSection(SolutionProperties) = preSolution
		HideSolutionNode = FALSE
	EndGlobalSection
EndGlobal
