
Microsoft Visual Studio Solution File, Format Version 12.00
# Visual Studio Express 2013 for Windows Desktop
VisualStudioVersion = 12.0.21005.1
MinimumVisualStudioVersion = 10.0.40219.1
Project("{8BC9CEB8-8B4A-11D0-8D11-00A0C91BC942}") = "001 vectors add_sub", "001 vectors add&sub\001 vectors add_sub.vcxproj", "{D231112E-6634-4CE1-BA00-162E7B442D2E}"
EndProject
Project("{8BC9CEB8-8B4A-11D0-8D11-00A0C91BC942}") = "002 vectors dot & cross", "002 vectors dot&cross\002 vectors dot & cross.vcxproj", "{E9E1D723-D8F9-44DB-A563-323959B09D5D}"
EndProject
Project("{8BC9CEB8-8B4A-11D0-8D11-00A0C91BC942}") = "003 vectors angle", "003 vectors angle\003 vectors angle.vcxproj", "{72FEE3A5-2DA8-4F1D-B1A2-0CF9BE647198}"
EndProject
Global
	GlobalSection(SolutionConfigurationPlatforms) = preSolution
		Debug|Win32 = Debug|Win32
		Release|Win32 = Release|Win32
	EndGlobalSection
	GlobalSection(ProjectConfigurationPlatforms) = postSolution
		{D231112E-6634-4CE1-BA00-162E7B442D2E}.Debug|Win32.ActiveCfg = Debug|Win32
		{D231112E-6634-4CE1-BA00-162E7B442D2E}.Debug|Win32.Build.0 = Debug|Win32
		{D231112E-6634-4CE1-BA00-162E7B442D2E}.Release|Win32.ActiveCfg = Release|Win32
		{D231112E-6634-4CE1-BA00-162E7B442D2E}.Release|Win32.Build.0 = Release|Win32
		{E9E1D723-D8F9-44DB-A563-323959B09D5D}.Debug|Win32.ActiveCfg = Debug|Win32
		{E9E1D723-D8F9-44DB-A563-323959B09D5D}.Debug|Win32.Build.0 = Debug|Win32
		{E9E1D723-D8F9-44DB-A563-323959B09D5D}.Release|Win32.ActiveCfg = Release|Win32
		{E9E1D723-D8F9-44DB-A563-323959B09D5D}.Release|Win32.Build.0 = Release|Win32
		{72FEE3A5-2DA8-4F1D-B1A2-0CF9BE647198}.Debug|Win32.ActiveCfg = Debug|Win32
		{72FEE3A5-2DA8-4F1D-B1A2-0CF9BE647198}.Debug|Win32.Build.0 = Debug|Win32
		{72FEE3A5-2DA8-4F1D-B1A2-0CF9BE647198}.Release|Win32.ActiveCfg = Release|Win32
		{72FEE3A5-2DA8-4F1D-B1A2-0CF9BE647198}.Release|Win32.Build.0 = Release|Win32
	EndGlobalSection
	GlobalSection(SolutionProperties) = preSolution
		HideSolutionNode = FALSE
	EndGlobalSection
EndGlobal
