
Microsoft Visual Studio Solution File, Format Version 12.00
# Visual Studio Express 2013 for Windows Desktop
VisualStudioVersion = 12.0.21005.1
MinimumVisualStudioVersion = 10.0.40219.1
Project("{8BC9CEB8-8B4A-11D0-8D11-00A0C91BC942}") = "00x Event Callback", "00x Event Callback.vcxproj", "{1EA3EAC1-3096-452A-9C8E-EAF1B1BFB6CF}"
EndProject
Global
	GlobalSection(SolutionConfigurationPlatforms) = preSolution
		Debug|Win32 = Debug|Win32
		Release|Win32 = Release|Win32
	EndGlobalSection
	GlobalSection(ProjectConfigurationPlatforms) = postSolution
		{1EA3EAC1-3096-452A-9C8E-EAF1B1BFB6CF}.Debug|Win32.ActiveCfg = Debug|Win32
		{1EA3EAC1-3096-452A-9C8E-EAF1B1BFB6CF}.Debug|Win32.Build.0 = Debug|Win32
		{1EA3EAC1-3096-452A-9C8E-EAF1B1BFB6CF}.Release|Win32.ActiveCfg = Release|Win32
		{1EA3EAC1-3096-452A-9C8E-EAF1B1BFB6CF}.Release|Win32.Build.0 = Release|Win32
	EndGlobalSection
	GlobalSection(SolutionProperties) = preSolution
		HideSolutionNode = FALSE
	EndGlobalSection
EndGlobal
