<?xml version="1.0" encoding="utf-8"?>
<Project ToolsVersion="4.0" xmlns="http://schemas.microsoft.com/developer/msbuild/2003">
  <ItemGroup>
    <Text Include="ReadMe.txt" />
  </ItemGroup>
  <ItemGroup>
    <ClInclude Include="CompileShader.h" />
    <ClInclude Include="stdafx.h" />
    <ClInclude Include="targetver.h" />
    <ClInclude Include="Mesh.h">
      <Filter>Mesh</Filter>
    </ClInclude>
    <ClInclude Include="MeshMd5.h">
      <Filter>Mesh</Filter>
    </ClInclude>
    <ClInclude Include="MeshObj.h">
      <Filter>Mesh</Filter>
    </ClInclude>
    <ClInclude Include="LoaderObj.h">
      <Filter>Mesh</Filter>
    </ClInclude>
    <ClInclude Include="LoaderMd5.h">
      <Filter>Mesh</Filter>
    </ClInclude>
    <ClInclude Include="Input.h">
      <Filter>Miscellaneous</Filter>
    </ClInclude>
    <ClInclude Include="DwriteText.h">
      <Filter>Miscellaneous</Filter>
    </ClInclude>
    <ClInclude Include="Collision.h">
      <Filter>Miscellaneous</Filter>
    </ClInclude>
  </ItemGroup>
  <ItemGroup>
    <ClCompile Include="CompileShader.cpp" />
    <ClCompile Include="stdafx.cpp" />
    <ClCompile Include="MeshMd5.cpp">
      <Filter>Mesh</Filter>
    </ClCompile>
    <ClCompile Include="MeshObj.cpp">
      <Filter>Mesh</Filter>
    </ClCompile>
    <ClCompile Include="LoaderMd5.cpp">
      <Filter>Mesh</Filter>
    </ClCompile>
    <ClCompile Include="LoaderObj.cpp">
      <Filter>Mesh</Filter>
    </ClCompile>
    <ClCompile Include="Input.cpp">
      <Filter>Miscellaneous</Filter>
    </ClCompile>
    <ClCompile Include="DwriteText.cpp">
      <Filter>Miscellaneous</Filter>
    </ClCompile>
    <ClCompile Include="Collision.cpp">
      <Filter>Miscellaneous</Filter>
    </ClCompile>
  </ItemGroup>
  <ItemGroup>
    <Filter Include="Mesh">
      <UniqueIdentifier>{c9ceb23b-3293-4cdf-a686-00d20e8b0192}</UniqueIdentifier>
    </Filter>
    <Filter Include="Miscellaneous">
      <UniqueIdentifier>{6aa55768-276b-4046-ae5c-4eb032dbdec3}</UniqueIdentifier>
    </Filter>
  </ItemGroup>
</Project>