<?xml version="1.0" encoding="utf-8"?>
<Project ToolsVersion="4.0" xmlns:atg="http://atg.xbox.com" xmlns="http://schemas.microsoft.com/developer/msbuild/2003">
  <ItemGroup>
    <ClCompile Include="winmain.cpp" />
    <ClCompile Include="gameApp.cpp" />
    <ClCompile Include="base\application.cpp">
      <Filter>Base</Filter>
    </ClCompile>
    <ClCompile Include="Base\input.cpp">
      <Filter>Base</Filter>
    </ClCompile>
    <ClCompile Include="Base\graphics.cpp">
      <Filter>Base</Filter>
    </ClCompile>
    <ClCompile Include="Base\graphicD3d.cpp">
      <Filter>Base</Filter>
    </ClCompile>
    <ClCompile Include="Base\graphicFont.cpp">
      <Filter>Base</Filter>
    </ClCompile>
  </ItemGroup>
  <ItemGroup>
    <ClInclude Include="gameApp.h" />
    <ClInclude Include="base\application.h">
      <Filter>Base</Filter>
    </ClInclude>
    <ClInclude Include="Base\input.h">
      <Filter>Base</Filter>
    </ClInclude>
    <ClInclude Include="Base\basedef.h">
      <Filter>Base</Filter>
    </ClInclude>
    <ClInclude Include="Base\graphics.h">
      <Filter>Base</Filter>
    </ClInclude>
    <ClInclude Include="Base\graphicD3d.h">
      <Filter>Base</Filter>
    </ClInclude>
    <ClInclude Include="Base\graphicFont.h">
      <Filter>Base</Filter>
    </ClInclude>
  </ItemGroup>
  <ItemGroup>
    <Filter Include="Base">
      <UniqueIdentifier>{02982813-2dbd-4e03-8ba8-92326c8812eb}</UniqueIdentifier>
    </Filter>
  </ItemGroup>
</Project>